dependencies:
- name: cert-manager
  repository: https://charts.jetstack.io
  version: v1.19.2
- name: trust-manager
  repository: https://charts.jetstack.io
  version: v0.20.3
digest: sha256:076b5f631bee10624d4e38962293e393aca4b37f79574d2f2632da1c151d3c85
generated: "2025-12-30T16:57:53.205590899-05:00"
