dependencies:
- name: cert-manager
  repository: https://charts.jetstack.io
  version: v1.20.2
- name: trust-manager
  repository: https://charts.jetstack.io
  version: v0.22.0
digest: sha256:953e3dffb1b4cbe0df156238f2ac9f2f917d3249d12de2d64cda85c551ba0560
generated: "2026-04-18T19:38:54.063814948-04:00"
